
Microsoft Visual Studio Solution File, Format Version 12.00
# Visual Studio Version 17
VisualStudioVersion = 17.14.36705.20
MinimumVisualStudioVersion = 10.0.40219.1
Project("{FAE04EC0-301F-11D3-BF4B-00C04F79EFBC}") = "Data", "Data\Data.csproj", "{583502C7-970A-463D-8A94-FD9692E60A14}"
EndProject
Project("{FAE04EC0-301F-11D3-BF4B-00C04F79EFBC}") = "Repositories", "Repositories\Repositories.csproj", "{EFA9A4D6-6B50-4725-814B-0019E7E8822F}"
EndProject
Project("{FAE04EC0-301F-11D3-BF4B-00C04F79EFBC}") = "Services", "Services\Services.csproj", "{DFD6F257-42DD-498E-A223-88C687E58EF6}"
EndProject
Project("{FAE04EC0-301F-11D3-BF4B-00C04F79EFBC}") = "UI", "UI\UI.csproj", "{61B23F90-2A65-46F6-AE6B-B47085A26866}"
EndProject
Global
	GlobalSection(SolutionConfigurationPlatforms) = preSolution
		Debug|Any CPU = Debug|Any CPU
		Release|Any CPU = Release|Any CPU
	EndGlobalSection
	GlobalSection(ProjectConfigurationPlatforms) = postSolution
		{583502C7-970A-463D-8A94-FD9692E60A14}.Debug|Any CPU.ActiveCfg = Debug|Any CPU
		{583502C7-970A-463D-8A94-FD9692E60A14}.Debug|Any CPU.Build.0 = Debug|Any CPU
		{583502C7-970A-463D-8A94-FD9692E60A14}.Release|Any CPU.ActiveCfg = Release|Any CPU
		{583502C7-970A-463D-8A94-FD9692E60A14}.Release|Any CPU.Build.0 = Release|Any CPU
		{EFA9A4D6-6B50-4725-814B-0019E7E8822F}.Debug|Any CPU.ActiveCfg = Debug|Any CPU
		{EFA9A4D6-6B50-4725-814B-0019E7E8822F}.Debug|Any CPU.Build.0 = Debug|Any CPU
		{EFA9A4D6-6B50-4725-814B-0019E7E8822F}.Release|Any CPU.ActiveCfg = Release|Any CPU
		{EFA9A4D6-6B50-4725-814B-0019E7E8822F}.Release|Any CPU.Build.0 = Release|Any CPU
		{DFD6F257-42DD-498E-A223-88C687E58EF6}.Debug|Any CPU.ActiveCfg = Debug|Any CPU
		{DFD6F257-42DD-498E-A223-88C687E58EF6}.Debug|Any CPU.Build.0 = Debug|Any CPU
		{DFD6F257-42DD-498E-A223-88C687E58EF6}.Release|Any CPU.ActiveCfg = Release|Any CPU
		{DFD6F257-42DD-498E-A223-88C687E58EF6}.Release|Any CPU.Build.0 = Release|Any CPU
		{61B23F90-2A65-46F6-AE6B-B47085A26866}.Debug|Any CPU.ActiveCfg = Debug|Any CPU
		{61B23F90-2A65-46F6-AE6B-B47085A26866}.Debug|Any CPU.Build.0 = Debug|Any CPU
		{61B23F90-2A65-46F6-AE6B-B47085A26866}.Release|Any CPU.ActiveCfg = Release|Any CPU
		{61B23F90-2A65-46F6-AE6B-B47085A26866}.Release|Any CPU.Build.0 = Release|Any CPU
	EndGlobalSection
	GlobalSection(SolutionProperties) = preSolution
		HideSolutionNode = FALSE
	EndGlobalSection
	GlobalSection(ExtensibilityGlobals) = postSolution
		SolutionGuid = {BB70097C-A5B1-4317-B7C1-9653708AF452}
	EndGlobalSection
EndGlobal
